
Microsoft Visual Studio Solution File, Format Version 12.00
Project("{8BC9CEB8-8B4A-11D0-8D11-00A0C91BC942}") = "Sandbox", "Sandbox\Sandbox.vcxproj", "{B82305CD-CAC0-4AC8-B77E-2BF91CD1C324}"
EndProject
Project("{8BC9CEB8-8B4A-11D0-8D11-00A0C91BC942}") = "Vertex", "Vertex\Vertex.vcxproj", "{6F8C0D3B-5341-40ED-8B7D-DD81167060A1}"
EndProject
Global
	GlobalSection(SolutionConfigurationPlatforms) = preSolution
		Debug|x64 = Debug|x64
		Release|x64 = Release|x64
	EndGlobalSection
	GlobalSection(ProjectConfigurationPlatforms) = postSolution
		{6F8C0D3B-5341-40ED-8B7D-DD81167060A1}.Debug|x64.ActiveCfg = Debug|x64
		{6F8C0D3B-5341-40ED-8B7D-DD81167060A1}.Debug|x64.Build.0 = Debug|x64
		{6F8C0D3B-5341-40ED-8B7D-DD81167060A1}.Release|x64.ActiveCfg = Release|x64
		{6F8C0D3B-5341-40ED-8B7D-DD81167060A1}.Release|x64.Build.0 = Release|x64
		{B82305CD-CAC0-4AC8-B77E-2BF91CD1C324}.Debug|x64.ActiveCfg = Debug|x64
		{B82305CD-CAC0-4AC8-B77E-2BF91CD1C324}.Debug|x64.Build.0 = Debug|x64
		{B82305CD-CAC0-4AC8-B77E-2BF91CD1C324}.Release|x64.ActiveCfg = Release|x64
		{B82305CD-CAC0-4AC8-B77E-2BF91CD1C324}.Release|x64.Build.0 = Release|x64
	EndGlobalSection
EndGlobal
